<?xml version="1.0" encoding="utf-8"?>
<Project ToolsVersion="4.0" xmlns="http://schemas.microsoft.com/developer/msbuild/2003">
  <ItemGroup>
    <Filter Include="Source Files">
      <UniqueIdentifier>{4FC737F1-C7A5-4376-A066-2A32D752A2FF}</UniqueIdentifier>
      <Extensions>cpp;c;cc;cxx;c++;cppm;ixx;def;odl;idl;hpj;bat;asm;asmx</Extensions>
    </Filter>
    <Filter Include="Header Files">
      <UniqueIdentifier>{93995380-89BD-4b04-88EB-625FBE52EBFB}</UniqueIdentifier>
      <Extensions>h;hh;hpp;hxx;h++;hm;inl;inc;ipp;xsd</Extensions>
    </Filter>
    <Filter Include="Resource Files">
      <UniqueIdentifier>{67DA6AB6-F800-4c08-8B7A-83BB121AAD01}</UniqueIdentifier>
      <Extensions>rc;ico;cur;bmp;dlg;rc2;rct;bin;rgs;gif;jpg;jpeg;jpe;resx;tiff;tif;png;wav;mfcribbon-ms</Extensions>
    </Filter>
    <Filter Include="Source Files\HelperClasses">
      <UniqueIdentifier>{65dbf95b-c5c0-4d35-b734-6e68ecced76c}</UniqueIdentifier>
    </Filter>
    <Filter Include="Header Files\HelperClasses">
      <UniqueIdentifier>{62a62020-12eb-4256-b9b5-f84fda20ea24}</UniqueIdentifier>
    </Filter>
    <Filter Include="Source Files\Spell Editor">
      <UniqueIdentifier>{db2e7f1e-8d51-4c2a-a6dc-b92b5f1363da}</UniqueIdentifier>
    </Filter>
    <Filter Include="Header Files\Spell Editor">
      <UniqueIdentifier>{5028bf9d-92cc-4f03-85b4-62db4145549c}</UniqueIdentifier>
    </Filter>
  </ItemGroup>
  <ItemGroup>
    <ClCompile Include="main.cpp">
      <Filter>Source Files</Filter>
    </ClCompile>
    <ClCompile Include="GameObject.cpp">
      <Filter>Source Files\HelperClasses</Filter>
    </ClCompile>
    <ClCompile Include="Input.cpp">
      <Filter>Source Files\HelperClasses</Filter>
    </ClCompile>
    <ClCompile Include="TextEditor\TextEditor.cpp">
      <Filter>Source Files\Spell Editor</Filter>
    </ClCompile>
    <ClCompile Include="TextEditor\SpellEditor.cpp">
      <Filter>Source Files\Spell Editor</Filter>
    </ClCompile>
    <ClCompile Include="TextEditor\PieceTable.cpp">
      <Filter>Source Files\Spell Editor</Filter>
    </ClCompile>
    <ClCompile Include="TextEditor\Cursor.cpp">
      <Filter>Source Files\Spell Editor</Filter>
    </ClCompile>
    <ClCompile Include="Animation.cpp">
      <Filter>Source Files\HelperClasses</Filter>
    </ClCompile>
  </ItemGroup>
  <ItemGroup>
    <ClInclude Include="GameObject.h">
      <Filter>Header Files\HelperClasses</Filter>
    </ClInclude>
    <ClInclude Include="Input.h">
      <Filter>Header Files\HelperClasses</Filter>
    </ClInclude>
    <ClInclude Include="TextEditor\TextEditor.h">
      <Filter>Header Files\Spell Editor</Filter>
    </ClInclude>
    <ClInclude Include="TextEditor\Cursor.h">
      <Filter>Header Files\Spell Editor</Filter>
    </ClInclude>
    <ClInclude Include="TextEditor\PieceTable.h">
      <Filter>Header Files\Spell Editor</Filter>
    </ClInclude>
    <ClInclude Include="TextEditor\SpellEditor.h">
      <Filter>Header Files\Spell Editor</Filter>
    </ClInclude>
    <ClInclude Include="Animation.h">
      <Filter>Header Files\HelperClasses</Filter>
    </ClInclude>
  </ItemGroup>
</Project>